{
  "originHash" : "f9ff0109f0079d4279fa9611382bc2df765457bc34e341b6966a6d108d931e6e",
  "pins" : [
    {
      "identity" : "swift-cmark",
      "kind" : "remoteSourceControl",
      "location" : "https://github.com/swiftlang/swift-cmark.git",
      "state" : {
        "revision" : "b022b08312decdc46585e0b3440d97f6f22ef703",
        "version" : "0.6.0"
      }
    },
    {
      "identity" : "swift-markdown",
      "kind" : "remoteSourceControl",
      "location" : "https://github.com/apple/swift-markdown",
      "state" : {
        "revision" : "ea79e83c8744d2b50b0dc2d5bbd1e857e1253bf9",
        "version" : "0.6.0"
      }
    },
    {
      "identity" : "web-ui",
      "kind" : "remoteSourceControl",
      "location" : "https://github.com/maclong9/web-ui.git",
      "state" : {
        "branch" : "main",
        "revision" : "743219c67bb886fca5ac0ec0610a29754106c2e6"
      }
    }
  ],
  "version" : 3
}
