{
  "originHash" : "dba1372b72ef0cef80d7658ff4556ae88e527d110f701eeea35b2f230a6c00d8",
  "pins" : [
    {
      "identity" : "web-ui",
      "kind" : "remoteSourceControl",
      "location" : "https://github.com/maclong9/web-ui",
      "state" : {
        "branch" : "main",
        "revision" : "d2bdb300bc6e3dd1fa745032b1f15783882de0ff"
      }
    }
  ],
  "version" : 3
}
